
Microsoft Visual Studio Solution File, Format Version 12.00
# Visual Studio Version 17
VisualStudioVersion = 17.0.32014.148
MinimumVisualStudioVersion = 10.0.40219.1
Project("{FAE04EC0-301F-11D3-BF4B-00C04F79EFBC}") = "EFCoreCRUDTest", "EFCoreCRUDTest\EFCoreCRUDTest.csproj", "{125BFE04-F935-4CA3-BFBA-178BD206616A}"
EndProject
Global
	GlobalSection(SolutionConfigurationPlatforms) = preSolution
		Debug|Any CPU = Debug|Any CPU
		Release|Any CPU = Release|Any CPU
	EndGlobalSection
	GlobalSection(ProjectConfigurationPlatforms) = postSolution
		{125BFE04-F935-4CA3-BFBA-178BD206616A}.Debug|Any CPU.ActiveCfg = Debug|Any CPU
		{125BFE04-F935-4CA3-BFBA-178BD206616A}.Debug|Any CPU.Build.0 = Debug|Any CPU
		{125BFE04-F935-4CA3-BFBA-178BD206616A}.Release|Any CPU.ActiveCfg = Release|Any CPU
		{125BFE04-F935-4CA3-BFBA-178BD206616A}.Release|Any CPU.Build.0 = Release|Any CPU
	EndGlobalSection
	GlobalSection(SolutionProperties) = preSolution
		HideSolutionNode = FALSE
	EndGlobalSection
	GlobalSection(ExtensibilityGlobals) = postSolution
		SolutionGuid = {2396D9B9-5512-40BA-9CA7-F932DD267441}
	EndGlobalSection
EndGlobal
